{
  "name": "visual",
  "requires": true,
  "lockfileVersion": 1,
  "dependencies": {
    "@types/d3": {
      "version": "3.5.36",
      "resolved": "https://registry.npmjs.org/@types/d3/-/d3-3.5.36.tgz",
      "integrity": "sha1-CUOrmCU0IfsHua38bcfd02xReLI="
    },
    "@types/jquery": {
      "version": "3.3.29",
      "resolved": "https://registry.npmjs.org/@types/jquery/-/jquery-3.3.29.tgz",
      "integrity": "sha512-FhJvBninYD36v3k6c+bVk1DSZwh7B5Dpb/Pyk3HKVsiohn0nhbefZZ+3JXbWQhFyt0MxSl2jRDdGQPHeOHFXrQ==",
      "requires": {
        "@types/sizzle": "*"
      }
    },
    "@types/lodash": {
      "version": "4.14.108",
      "resolved": "https://registry.npmjs.org/@types/lodash/-/lodash-4.14.108.tgz",
      "integrity": "sha512-WD2vUOKfBBVHxWUV9iMR9RMfpuf8HquxWeAq2yqGVL7Nc4JW2+sQama0pREMqzNI3Tutj0PyxYUJwuoxxvX+xA=="
    },
    "@types/sizzle": {
      "version": "2.3.2",
      "resolved": "https://registry.npmjs.org/@types/sizzle/-/sizzle-2.3.2.tgz",
      "integrity": "sha512-7EJYyKTL7tFR8+gDbB6Wwz/arpGa0Mywk1TJbNzKzHtzbwVmY4HR9WqS5VV7dsBUKQmPNr192jHr/VpBluj/hg=="
    },
    "async": {
      "version": "0.1.22",
      "resolved": "https://registry.npmjs.org/async/-/async-0.1.22.tgz",
      "integrity": "sha1-D8GqoIig4+8Ovi2IMbqw3PiEUGE="
    },
    "d3": {
      "version": "3.5.17",
      "resolved": "https://registry.npmjs.org/d3/-/d3-3.5.17.tgz",
      "integrity": "sha1-vEZ0gAQ3iyGjYMn8fPUjF5B2L7g="
    },
    "globalize": {
      "version": "0.1.0-a2",
      "resolved": "https://registry.npmjs.org/globalize/-/globalize-0.1.0a2.tgz",
      "integrity": "sha1-fyizguvv2boMs9gDY1+7pkqH8pQ="
    },
    "jquery": {
      "version": "3.4.0",
      "resolved": "https://registry.npmjs.org/jquery/-/jquery-3.4.0.tgz",
      "integrity": "sha512-ggRCXln9zEqv6OqAGXFEcshF5dSBvCkzj6Gm2gzuR5fWawaX8t7cxKVkkygKODrDAzKdoYw3l/e3pm3vlT4IbQ=="
    },
    "lodash": {
      "version": "4.17.11",
      "resolved": "https://registry.npmjs.org/lodash/-/lodash-4.17.11.tgz",
      "integrity": "sha512-cQKh8igo5QUhZ7lg38DYWAxMvjSAKG0A8wGSVimP07SIUEK2UO+arSRKbRZWtelMtN5V0Hkwh5ryOto/SshYIg=="
    },
    "powerbi-visuals-utils-chartutils": {
      "version": "0.3.0",
      "resolved": "https://registry.npmjs.org/powerbi-visuals-utils-chartutils/-/powerbi-visuals-utils-chartutils-0.3.0.tgz",
      "integrity": "sha1-/tKDxo26RTYxDIA2ITzvr9X/U20=",
      "requires": {
        "d3": "3.5.5",
        "globalize": "0.1.0-a2",
        "jquery": "3.1.1",
        "lodash": "4.16.2",
        "powerbi-visuals-utils-formattingutils": "^0.2.0",
        "powerbi-visuals-utils-interactivityutils": "^0.2.0",
        "powerbi-visuals-utils-svgutils": "^0.2.0",
        "powerbi-visuals-utils-typeutils": "^0.2.0"
      },
      "dependencies": {
        "d3": {
          "version": "3.5.5",
          "resolved": "https://registry.npmjs.org/d3/-/d3-3.5.5.tgz",
          "integrity": "sha1-vhq6aoT7ZlMoOz6+u39XDjvaGH4="
        },
        "jquery": {
          "version": "3.1.1",
          "resolved": "https://registry.npmjs.org/jquery/-/jquery-3.1.1.tgz",
          "integrity": "sha1-NHwcIcfgBBFeCk2jLOzgQfrTyKM="
        },
        "lodash": {
          "version": "4.16.2",
          "resolved": "https://registry.npmjs.org/lodash/-/lodash-4.16.2.tgz",
          "integrity": "sha1-PmJtuCcEimmSgaihJSJjJs/A5lI="
        }
      }
    },
    "powerbi-visuals-utils-dataviewutils": {
      "version": "1.5.0",
      "resolved": "https://registry.npmjs.org/powerbi-visuals-utils-dataviewutils/-/powerbi-visuals-utils-dataviewutils-1.5.0.tgz",
      "integrity": "sha512-tqosm6uHCCg+rSlUCfb/tBGptwzSom6mlefeckOTySqj6Pz+dZP4WnSF9E9D07pcwfTkl5wSidIVMB0kz0tkLQ=="
    },
    "powerbi-visuals-utils-formattingutils": {
      "version": "0.2.2",
      "resolved": "https://registry.npmjs.org/powerbi-visuals-utils-formattingutils/-/powerbi-visuals-utils-formattingutils-0.2.2.tgz",
      "integrity": "sha1-lcda2y7wI3gl56p5HrluKdCYDQ0=",
      "requires": {
        "d3": "3.5.5",
        "globalize": "0.1.0-a2",
        "jquery": "3.1.1",
        "powerbi-visuals-utils-dataviewutils": "^0.3.0",
        "powerbi-visuals-utils-svgutils": "^0.2.0",
        "powerbi-visuals-utils-typeutils": "^0.2.0"
      },
      "dependencies": {
        "d3": {
          "version": "3.5.5",
          "resolved": "https://registry.npmjs.org/d3/-/d3-3.5.5.tgz",
          "integrity": "sha1-vhq6aoT7ZlMoOz6+u39XDjvaGH4="
        },
        "jquery": {
          "version": "3.1.1",
          "resolved": "https://registry.npmjs.org/jquery/-/jquery-3.1.1.tgz",
          "integrity": "sha1-NHwcIcfgBBFeCk2jLOzgQfrTyKM="
        },
        "lodash": {
          "version": "4.16.2",
          "resolved": "https://registry.npmjs.org/lodash/-/lodash-4.16.2.tgz",
          "integrity": "sha1-PmJtuCcEimmSgaihJSJjJs/A5lI="
        },
        "powerbi-visuals-utils-dataviewutils": {
          "version": "0.3.0",
          "resolved": "https://registry.npmjs.org/powerbi-visuals-utils-dataviewutils/-/powerbi-visuals-utils-dataviewutils-0.3.0.tgz",
          "integrity": "sha1-qLUgoK+0mNHxlNso4+J7rmOhgps=",
          "requires": {
            "lodash": "4.16.2"
          }
        }
      }
    },
    "powerbi-visuals-utils-interactivityutils": {
      "version": "0.2.1",
      "resolved": "https://registry.npmjs.org/powerbi-visuals-utils-interactivityutils/-/powerbi-visuals-utils-interactivityutils-0.2.1.tgz",
      "integrity": "sha1-U54U1VmrrzLDmonfCoQFwYtm3rk=",
      "requires": {
        "d3": "3.5.5",
        "powerbi-visuals-utils-svgutils": "^0.2.0",
        "powerbi-visuals-utils-typeutils": "^0.2.0"
      },
      "dependencies": {
        "d3": {
          "version": "3.5.5",
          "resolved": "https://registry.npmjs.org/d3/-/d3-3.5.5.tgz",
          "integrity": "sha1-vhq6aoT7ZlMoOz6+u39XDjvaGH4="
        }
      }
    },
    "powerbi-visuals-utils-svgutils": {
      "version": "0.2.1",
      "resolved": "https://registry.npmjs.org/powerbi-visuals-utils-svgutils/-/powerbi-visuals-utils-svgutils-0.2.1.tgz",
      "integrity": "sha1-sMN9wPnX3jYZ6VqohjZt2lfTdcM=",
      "requires": {
        "d3": "3.5.5",
        "powerbi-visuals-utils-typeutils": "^0.2.0"
      },
      "dependencies": {
        "d3": {
          "version": "3.5.5",
          "resolved": "https://registry.npmjs.org/d3/-/d3-3.5.5.tgz",
          "integrity": "sha1-vhq6aoT7ZlMoOz6+u39XDjvaGH4="
        }
      }
    },
    "powerbi-visuals-utils-tooltiputils": {
      "version": "0.3.2",
      "resolved": "https://registry.npmjs.org/powerbi-visuals-utils-tooltiputils/-/powerbi-visuals-utils-tooltiputils-0.3.2.tgz",
      "integrity": "sha1-+c0DAGHZre0Hl/qgY41IoVIVNDo=",
      "requires": {
        "d3": "3.5.5"
      },
      "dependencies": {
        "d3": {
          "version": "3.5.5",
          "resolved": "https://registry.npmjs.org/d3/-/d3-3.5.5.tgz",
          "integrity": "sha1-vhq6aoT7ZlMoOz6+u39XDjvaGH4="
        }
      }
    },
    "powerbi-visuals-utils-typeutils": {
      "version": "0.2.1",
      "resolved": "https://registry.npmjs.org/powerbi-visuals-utils-typeutils/-/powerbi-visuals-utils-typeutils-0.2.1.tgz",
      "integrity": "sha1-4TDJbzrbIa8wp8GYDeDoyaf88hI=",
      "requires": {
        "lodash": "4.16.2"
      },
      "dependencies": {
        "lodash": {
          "version": "4.16.2",
          "resolved": "https://registry.npmjs.org/lodash/-/lodash-4.16.2.tgz",
          "integrity": "sha1-PmJtuCcEimmSgaihJSJjJs/A5lI="
        }
      }
    }
  }
}
